// !$*UTF8*$!
{
	archiveVersion = 1;
	classes = {
	};
	objectVersion = 50;
	objects = {

/* Begin PBXBuildFile section */
		AE5BD380265842DB0058B3A8 /* breakoutTwo.swift in Sources */ = {isa = PBXBuildFile; fileRef = AE5BD37F265842DB0058B3A8 /* breakoutTwo.swift */; };
		AE8C74142652FB7100405815 /* pong.swift in Sources */ = {isa = PBXBuildFile; fileRef = AE8C74132652FB7100405815 /* pong.swift */; };
		AEC2DF82261BA61D00612A46 /* AppDelegate.swift in Sources */ = {isa = PBXBuildFile; fileRef = AEC2DF81261BA61D00612A46 /* AppDelegate.swift */; };
		AEC2DF84261BA61D00612A46 /* SceneDelegate.swift in Sources */ = {isa = PBXBuildFile; fileRef = AEC2DF83261BA61D00612A46 /* SceneDelegate.swift */; };
		AEC2DF86261BA61D00612A46 /* ViewController.swift in Sources */ = {isa = PBXBuildFile; fileRef = AEC2DF85261BA61D00612A46 /* ViewController.swift */; };
		AEC2DF89261BA61D00612A46 /* Main.storyboard in Resources */ = {isa = PBXBuildFile; fileRef = AEC2DF87261BA61D00612A46 /* Main.storyboard */; };
		AEC2DF8B261BA61D00612A46 /* Assets.xcassets in Resources */ = {isa = PBXBuildFile; fileRef = AEC2DF8A261BA61D00612A46 /* Assets.xcassets */; };
		AEC2DF8E261BA61D00612A46 /* LaunchScreen.storyboard in Resources */ = {isa = PBXBuildFile; fileRef = AEC2DF8C261BA61D00612A46 /* LaunchScreen.storyboard */; };
/* End PBXBuildFile section */

/* Begin PBXFileReference section */
		AE5BD37F265842DB0058B3A8 /* breakoutTwo.swift */ = {isa = PBXFileReference; lastKnownFileType = sourcecode.swift; path = breakoutTwo.swift; sourceTree = "<group>"; };
		AE7EEA4626389C1000993C5F /* Breakout.swift */ = {isa = PBXFileReference; lastKnownFileType = sourcecode.swift; path = Breakout.swift; sourceTree = "<group>"; };
		AE8C74132652FB7100405815 /* pong.swift */ = {isa = PBXFileReference; lastKnownFileType = sourcecode.swift; path = pong.swift; sourceTree = "<group>"; };
		AEC2DF7E261BA61D00612A46 /* Games Groh.app */ = {isa = PBXFileReference; explicitFileType = wrapper.application; includeInIndex = 0; path = "Games Groh.app"; sourceTree = BUILT_PRODUCTS_DIR; };
		AEC2DF81261BA61D00612A46 /* AppDelegate.swift */ = {isa = PBXFileReference; lastKnownFileType = sourcecode.swift; path = AppDelegate.swift; sourceTree = "<group>"; };
		AEC2DF83261BA61D00612A46 /* SceneDelegate.swift */ = {isa = PBXFileReference; lastKnownFileType = sourcecode.swift; path = SceneDelegate.swift; sourceTree = "<group>"; };
		AEC2DF85261BA61D00612A46 /* ViewController.swift */ = {isa = PBXFileReference; lastKnownFileType = sourcecode.swift; path = ViewController.swift; sourceTree = "<group>"; };
		AEC2DF88261BA61D00612A46 /* Base */ = {isa = PBXFileReference; lastKnownFileType = file.storyboard; name = Base; path = Base.lproj/Main.storyboard; sourceTree = "<group>"; };
		AEC2DF8A261BA61D00612A46 /* Assets.xcassets */ = {isa = PBXFileReference; lastKnownFileType = folder.assetcatalog; path = Assets.xcassets; sourceTree = "<group>"; };
		AEC2DF8D261BA61D00612A46 /* Base */ = {isa = PBXFileReference; lastKnownFileType = file.storyboard; name = Base; path = Base.lproj/LaunchScreen.storyboard; sourceTree = "<group>"; };
		AEC2DF8F261BA61D00612A46 /* Info.plist */ = {isa = PBXFileReference; lastKnownFileType = text.plist.xml; path = Info.plist; sourceTree = "<group>"; };
/* End PBXFileReference section */

/* Begin PBXFrameworksBuildPhase section */
		AEC2DF7B261BA61D00612A46 /* Frameworks */ = {
			isa = PBXFrameworksBuildPhase;
			buildActionMask = 2147483647;
			files = (
			);
			runOnlyForDeploymentPostprocessing = 0;
		};
/* End PBXFrameworksBuildPhase section */

/* Begin PBXGroup section */
		AEC2DF75261BA61C00612A46 = {
			isa = PBXGroup;
			children = (
				AE5BD37F265842DB0058B3A8 /* breakoutTwo.swift */,
				AEC2DF80261BA61D00612A46 /* Games Groh */,
				AEC2DF7F261BA61D00612A46 /* Products */,
			);
			sourceTree = "<group>";
		};
		AEC2DF7F261BA61D00612A46 /* Products */ = {
			isa = PBXGroup;
			children = (
				AEC2DF7E261BA61D00612A46 /* Games Groh.app */,
			);
			name = Products;
			sourceTree = "<group>";
		};
		AEC2DF80261BA61D00612A46 /* Games Groh */ = {
			isa = PBXGroup;
			children = (
				AE8C74132652FB7100405815 /* pong.swift */,
				AEC2DF81261BA61D00612A46 /* AppDelegate.swift */,
				AEC2DF83261BA61D00612A46 /* SceneDelegate.swift */,
				AEC2DF85261BA61D00612A46 /* ViewController.swift */,
				AE7EEA4626389C1000993C5F /* Breakout.swift */,
				AEC2DF87261BA61D00612A46 /* Main.storyboard */,
				AEC2DF8A261BA61D00612A46 /* Assets.xcassets */,
				AEC2DF8C261BA61D00612A46 /* LaunchScreen.storyboard */,
				AEC2DF8F261BA61D00612A46 /* Info.plist */,
			);
			path = "Games Groh";
			sourceTree = "<group>";
		};
/* End PBXGroup section */

/* Begin PBXNativeTarget section */
		AEC2DF7D261BA61D00612A46 /* Games Groh */ = {
			isa = PBXNativeTarget;
			buildConfigurationList = AEC2DF92261BA61D00612A46 /* Build configuration list for PBXNativeTarget "Games Groh" */;
			buildPhases = (
				AEC2DF7A261BA61D00612A46 /* Sources */,
				AEC2DF7B261BA61D00612A46 /* Frameworks */,
				AEC2DF7C261BA61D00612A46 /* Resources */,
			);
			buildRules = (
			);
			dependencies = (
			);
			name = "Games Groh";
			productName = "Games Groh";
			productReference = AEC2DF7E261BA61D00612A46 /* Games Groh.app */;
			productType = "com.apple.product-type.application";
		};
/* End PBXNativeTarget section */

/* Begin PBXProject section */
		AEC2DF76261BA61C00612A46 /* Project object */ = {
			isa = PBXProject;
			attributes = {
				LastSwiftUpdateCheck = 1200;
				LastUpgradeCheck = 1200;
				TargetAttributes = {
					AEC2DF7D261BA61D00612A46 = {
						CreatedOnToolsVersion = 12.0.1;
					};
				};
			};
			buildConfigurationList = AEC2DF79261BA61C00612A46 /* Build configuration list for PBXProject "Games Groh" */;
			compatibilityVersion = "Xcode 9.3";
			developmentRegion = en;
			hasScannedForEncodings = 0;
			knownRegions = (
				en,
				Base,
			);
			mainGroup = AEC2DF75261BA61C00612A46;
			productRefGroup = AEC2DF7F261BA61D00612A46 /* Products */;
			projectDirPath = "";
			projectRoot = "";
			targets = (
				AEC2DF7D261BA61D00612A46 /* Games Groh */,
			);
		};
/* End PBXProject section */

/* Begin PBXResourcesBuildPhase section */
		AEC2DF7C261BA61D00612A46 /* Resources */ = {
			isa = PBXResourcesBuildPhase;
			buildActionMask = 2147483647;
			files = (
				AEC2DF8E261BA61D00612A46 /* LaunchScreen.storyboard in Resources */,
				AEC2DF8B261BA61D00612A46 /* Assets.xcassets in Resources */,
				AEC2DF89261BA61D00612A46 /* Main.storyboard in Resources */,
			);
			runOnlyForDeploymentPostprocessing = 0;
		};
/* End PBXResourcesBuildPhase section */

/* Begin PBXSourcesBuildPhase section */
		AEC2DF7A261BA61D00612A46 /* Sources */ = {
			isa = PBXSourcesBuildPhase;
			buildActionMask = 2147483647;
			files = (
				AEC2DF86261BA61D00612A46 /* ViewController.swift in Sources */,
				AE5BD380265842DB0058B3A8 /* breakoutTwo.swift in Sources */,
				AE8C74142652FB7100405815 /* pong.swift in Sources */,
				AEC2DF82261BA61D00612A46 /* AppDelegate.swift in Sources */,
				AEC2DF84261BA61D00612A46 /* SceneDelegate.swift in Sources */,
			);
			runOnlyForDeploymentPostprocessing = 0;
		};
/* End PBXSourcesBuildPhase section */

/* Begin PBXVariantGroup section */
		AEC2DF87261BA61D00612A46 /* Main.storyboard */ = {
			isa = PBXVariantGroup;
			children = (
				AEC2DF88261BA61D00612A46 /* Base */,
			);
			name = Main.storyboard;
			sourceTree = "<group>";
		};
		AEC2DF8C261BA61D00612A46 /* LaunchScreen.storyboard */ = {
			isa = PBXVariantGroup;
			children = (
				AEC2DF8D261BA61D00612A46 /* Base */,
			);
			name = LaunchScreen.storyboard;
			sourceTree = "<group>";
		};
/* End PBXVariantGroup section */

/* Begin XCBuildConfiguration section */
		AEC2DF90261BA61D00612A46 /* Debug */ = {
			isa = XCBuildConfiguration;
			buildSettings = {
				ALWAYS_SEARCH_USER_PATHS = NO;
				CLANG_ANALYZER_NONNULL = YES;
				CLANG_ANALYZER_NUMBER_OBJECT_CONVERSION = YES_AGGRESSIVE;
				CLANG_CXX_LANGUAGE_STANDARD = "gnu++14";
				CLANG_CXX_LIBRARY = "libc++";
				CLANG_ENABLE_MODULES = YES;
				CLANG_ENABLE_OBJC_ARC = YES;
				CLANG_ENABLE_OBJC_WEAK = YES;
				CLANG_WARN_BLOCK_CAPTURE_AUTORELEASING = YES;
				CLANG_WARN_BOOL_CONVERSION = YES;
				CLANG_WARN_COMMA = YES;
				CLANG_WARN_CONSTANT_CONVERSION = YES;
				CLANG_WARN_DEPRECATED_OBJC_IMPLEMENTATIONS = YES;
				CLANG_WARN_DIRECT_OBJC_ISA_USAGE = YES_ERROR;
				CLANG_WARN_DOCUMENTATION_COMMENTS = YES;
				CLANG_WARN_EMPTY_BODY = YES;
				CLANG_WARN_ENUM_CONVERSION = YES;
				CLANG_WARN_INFINITE_RECURSION = YES;
				CLANG_WARN_INT_CONVERSION = YES;
				CLANG_WARN_NON_LITERAL_NULL_CONVERSION = YES;
				CLANG_WARN_OBJC_IMPLICIT_RETAIN_SELF = YES;
				CLANG_WARN_OBJC_LITERAL_CONVERSION = YES;
				CLANG_WARN_OBJC_ROOT_CLASS = YES_ERROR;
				CLANG_WARN_QUOTED_INCLUDE_IN_FRAMEWORK_HEADER = YES;
				CLANG_WARN_RANGE_LOOP_ANALYSIS = YES;
				CLANG_WARN_STRICT_PROTOTYPES = YES;
				CLANG_WARN_SUSPICIOUS_MOVE = YES;
				CLANG_WARN_UNGUARDED_AVAILABILITY = YES_AGGRESSIVE;
				CLANG_WARN_UNREACHABLE_CODE = YES;
				CLANG_WARN__DUPLICATE_METHOD_MATCH = YES;
				COPY_PHASE_STRIP = NO;
				DEBUG_INFORMATION_FORMAT = dwarf;
				ENABLE_STRICT_OBJC_MSGSEND = YES;
				ENABLE_TESTABILITY = YES;
				GCC_C_LANGUAGE_STANDARD = gnu11;
				GCC_DYNAMIC_NO_PIC = NO;
				GCC_NO_COMMON_BLOCKS = YES;
				GCC_OPTIMIZATION_LEVEL = 0;
				GCC_PREPROCESSOR_DEFINITIONS = (
					"DEBUG=1",
					"$(inherited)",
				);
				GCC_WARN_64_TO_32_BIT_CONVERSION = YES;
				GCC_WARN_ABOUT_RETURN_TYPE = YES_ERROR;
				GCC_WARN_UNDECLARED_SELECTOR = YES;
				GCC_WARN_UNINITIALIZED_AUTOS = YES_AGGRESSIVE;
				GCC_WARN_UNUSED_FUNCTION = YES;
				GCC_WARN_UNUSED_VARIABLE = YES;
				IPHONEOS_DEPLOYMENT_TARGET = 14.0;
				MTL_ENABLE_DEBUG_INFO = INCLUDE_SOURCE;
				MTL_FAST_MATH = YES;
				ONLY_ACTIVE_ARCH = YES;
				SDKROOT = iphoneos;
				SWIFT_ACTIVE_COMPILATION_CONDITIONS = DEBUG;
				SWIFT_OPTIMIZATION_LEVEL = "-Onone";
			};
			name = Debug;
		};
		AEC2DF91261BA61D00612A46 /* Release */ = {
			isa = XCBuildConfiguration;
			buildSettings = {
				ALWAYS_SEARCH_USER_PATHS = NO;
				CLANG_ANALYZER_NONNULL = YES;
				CLANG_ANALYZER_NUMBER_OBJECT_CONVERSION = YES_AGGRESSIVE;
				CLANG_CXX_LANGUAGE_STANDARD = "gnu++14";
				CLANG_CXX_LIBRARY = "libc++";
				CLANG_ENABLE_MODULES = YES;
				CLANG_ENABLE_OBJC_ARC = YES;
				CLANG_ENABLE_OBJC_WEAK = YES;
				CLANG_WARN_BLOCK_CAPTURE_AUTORELEASING = YES;
				CLANG_WARN_BOOL_CONVERSION = YES;
				CLANG_WARN_COMMA = YES;
				CLANG_WARN_CONSTANT_CONVERSION = YES;
				CLANG_WARN_DEPRECATED_OBJC_IMPLEMENTATIONS = YES;
				CLANG_WARN_DIRECT_OBJC_ISA_USAGE = YES_ERROR;
				CLANG_WARN_DOCUMENTATION_COMMENTS = YES;
				CLANG_WARN_EMPTY_BODY = YES;
				CLANG_WARN_ENUM_CONVERSION = YES;
				CLANG_WARN_INFINITE_RECURSION = YES;
				CLANG_WARN_INT_CONVERSION = YES;
				CLANG_WARN_NON_LITERAL_NULL_CONVERSION = YES;
				CLANG_WARN_OBJC_IMPLICIT_RETAIN_SELF = YES;
				CLANG_WARN_OBJC_LITERAL_CONVERSION = YES;
				CLANG_WARN_OBJC_ROOT_CLASS = YES_ERROR;
				CLANG_WARN_QUOTED_INCLUDE_IN_FRAMEWORK_HEADER = YES;
				CLANG_WARN_RANGE_LOOP_ANALYSIS = YES;
				CLANG_WARN_STRICT_PROTOTYPES = YES;
				CLANG_WARN_SUSPICIOUS_MOVE = YES;
				CLANG_WARN_UNGUARDED_AVAILABILITY = YES_AGGRESSIVE;
				CLANG_WARN_UNREACHABLE_CODE = YES;
				CLANG_WARN__DUPLICATE_METHOD_MATCH = YES;
				COPY_PHASE_STRIP = NO;
				DEBUG_INFORMATION_FORMAT = "dwarf-with-dsym";
				ENABLE_NS_ASSERTIONS = NO;
				ENABLE_STRICT_OBJC_MSGSEND = YES;
				GCC_C_LANGUAGE_STANDARD = gnu11;
				GCC_NO_COMMON_BLOCKS = YES;
				GCC_WARN_64_TO_32_BIT_CONVERSION = YES;
				GCC_WARN_ABOUT_RETURN_TYPE = YES_ERROR;
				GCC_WARN_UNDECLARED_SELECTOR = YES;
				GCC_WARN_UNINITIALIZED_AUTOS = YES_AGGRESSIVE;
				GCC_WARN_UNUSED_FUNCTION = YES;
				GCC_WARN_UNUSED_VARIABLE = YES;
				IPHONEOS_DEPLOYMENT_TARGET = 14.0;
				MTL_ENABLE_DEBUG_INFO = NO;
				MTL_FAST_MATH = YES;
				SDKROOT = iphoneos;
				SWIFT_COMPILATION_MODE = wholemodule;
				SWIFT_OPTIMIZATION_LEVEL = "-O";
				VALIDATE_PRODUCT = YES;
			};
			name = Release;
		};
		AEC2DF93261BA61D00612A46 /* Debug */ = {
			isa = XCBuildConfiguration;
			buildSettings = {
				ASSETCATALOG_COMPILER_APPICON_NAME = AppIcon;
				ASSETCATALOG_COMPILER_GLOBAL_ACCENT_COLOR_NAME = AccentColor;
				CODE_SIGN_STYLE = Automatic;
				INFOPLIST_FILE = "Games Groh/Info.plist";
				LD_RUNPATH_SEARCH_PATHS = (
					"$(inherited)",
					"@executable_path/Frameworks",
				);
				PRODUCT_BUNDLE_IDENTIFIER = "prospect.Games-Groh";
				PRODUCT_NAME = "$(TARGET_NAME)";
				SWIFT_VERSION = 5.0;
				TARGETED_DEVICE_FAMILY = "1,2";
			};
			name = Debug;
		};
		AEC2DF94261BA61D00612A46 /* Release */ = {
			isa = XCBuildConfiguration;
			buildSettings = {
				ASSETCATALOG_COMPILER_APPICON_NAME = AppIcon;
				ASSETCATALOG_COMPILER_GLOBAL_ACCENT_COLOR_NAME = AccentColor;
				CODE_SIGN_STYLE = Automatic;
				INFOPLIST_FILE = "Games Groh/Info.plist";
				LD_RUNPATH_SEARCH_PATHS = (
					"$(inherited)",
					"@executable_path/Frameworks",
				);
				PRODUCT_BUNDLE_IDENTIFIER = "prospect.Games-Groh";
				PRODUCT_NAME = "$(TARGET_NAME)";
				SWIFT_VERSION = 5.0;
				TARGETED_DEVICE_FAMILY = "1,2";
			};
			name = Release;
		};
/* End XCBuildConfiguration section */

/* Begin XCConfigurationList section */
		AEC2DF79261BA61C00612A46 /* Build configuration list for PBXProject "Games Groh" */ = {
			isa = XCConfigurationList;
			buildConfigurations = (
				AEC2DF90261BA61D00612A46 /* Debug */,
				AEC2DF91261BA61D00612A46 /* Release */,
			);
			defaultConfigurationIsVisible = 0;
			defaultConfigurationName = Release;
		};
		AEC2DF92261BA61D00612A46 /* Build configuration list for PBXNativeTarget "Games Groh" */ = {
			isa = XCConfigurationList;
			buildConfigurations = (
				AEC2DF93261BA61D00612A46 /* Debug */,
				AEC2DF94261BA61D00612A46 /* Release */,
			);
			defaultConfigurationIsVisible = 0;
			defaultConfigurationName = Release;
		};
/* End XCConfigurationList section */
	};
	rootObject = AEC2DF76261BA61C00612A46 /* Project object */;
}
